
Microsoft Visual Studio Solution File, Format Version 12.00
# Visual Studio Version 16
VisualStudioVersion = 16.0.30114.105
MinimumVisualStudioVersion = 10.0.40219.1
Project("{FAE04EC0-301F-11D3-BF4B-00C04F79EFBC}") = "MVCLearning", "MVCLearning\MVCLearning.csproj", "{5935DF15-4D06-4F37-BD18-550E193905B0}"
EndProject
Project("{9A19103F-16F7-4668-BE54-9A1E7A4F7556}") = "MVCTutorial.Business", "MVCTutorial.Business\MVCTutorial.Business.csproj", "{31F8F67C-4A8F-4104-8A42-FC084DA60140}"
EndProject
Project("{FAE04EC0-301F-11D3-BF4B-00C04F79EFBC}") = "MVCLearning.Domain", "MVCLearning.Domain\MVCLearning.Domain.csproj", "{1228A50F-1475-4705-AF83-3198C0964678}"
EndProject
Project("{FAE04EC0-301F-11D3-BF4B-00C04F79EFBC}") = "MVCLearning.Reposit", "MVCLearning.Reposit\MVCLearning.Reposit.csproj", "{9EBB4572-8C78-4AAE-AAE9-187108BDC699}"
EndProject
Global
	GlobalSection(SolutionConfigurationPlatforms) = preSolution
		Debug|Any CPU = Debug|Any CPU
		Release|Any CPU = Release|Any CPU
	EndGlobalSection
	GlobalSection(ProjectConfigurationPlatforms) = postSolution
		{5935DF15-4D06-4F37-BD18-550E193905B0}.Debug|Any CPU.ActiveCfg = Debug|Any CPU
		{5935DF15-4D06-4F37-BD18-550E193905B0}.Debug|Any CPU.Build.0 = Debug|Any CPU
		{5935DF15-4D06-4F37-BD18-550E193905B0}.Release|Any CPU.ActiveCfg = Release|Any CPU
		{5935DF15-4D06-4F37-BD18-550E193905B0}.Release|Any CPU.Build.0 = Release|Any CPU
		{31F8F67C-4A8F-4104-8A42-FC084DA60140}.Debug|Any CPU.ActiveCfg = Debug|Any CPU
		{31F8F67C-4A8F-4104-8A42-FC084DA60140}.Debug|Any CPU.Build.0 = Debug|Any CPU
		{31F8F67C-4A8F-4104-8A42-FC084DA60140}.Release|Any CPU.ActiveCfg = Release|Any CPU
		{31F8F67C-4A8F-4104-8A42-FC084DA60140}.Release|Any CPU.Build.0 = Release|Any CPU
		{1228A50F-1475-4705-AF83-3198C0964678}.Debug|Any CPU.ActiveCfg = Debug|Any CPU
		{1228A50F-1475-4705-AF83-3198C0964678}.Debug|Any CPU.Build.0 = Debug|Any CPU
		{1228A50F-1475-4705-AF83-3198C0964678}.Release|Any CPU.ActiveCfg = Release|Any CPU
		{1228A50F-1475-4705-AF83-3198C0964678}.Release|Any CPU.Build.0 = Release|Any CPU
		{9EBB4572-8C78-4AAE-AAE9-187108BDC699}.Debug|Any CPU.ActiveCfg = Debug|Any CPU
		{9EBB4572-8C78-4AAE-AAE9-187108BDC699}.Debug|Any CPU.Build.0 = Debug|Any CPU
		{9EBB4572-8C78-4AAE-AAE9-187108BDC699}.Release|Any CPU.ActiveCfg = Release|Any CPU
		{9EBB4572-8C78-4AAE-AAE9-187108BDC699}.Release|Any CPU.Build.0 = Release|Any CPU
	EndGlobalSection
	GlobalSection(SolutionProperties) = preSolution
		HideSolutionNode = FALSE
	EndGlobalSection
	GlobalSection(ExtensibilityGlobals) = postSolution
		SolutionGuid = {F8AC01E6-E57C-4120-A813-FFA46DF94B2C}
	EndGlobalSection
EndGlobal
